
Microsoft Visual Studio Solution File, Format Version 12.00
# Visual Studio Version 16
VisualStudioVersion = 16.0.30002.166
MinimumVisualStudioVersion = 10.0.40219.1
Project("{FAE04EC0-301F-11D3-BF4B-00C04F79EFBC}") = "AprendendoGitRepos", "AprendendoGitRepos\AprendendoGitRepos.csproj", "{F87E8DD2-8E4C-423C-92D8-EEB5DFE44608}"
EndProject
Global
	GlobalSection(SolutionConfigurationPlatforms) = preSolution
		Debug|Any CPU = Debug|Any CPU
		Release|Any CPU = Release|Any CPU
	EndGlobalSection
	GlobalSection(ProjectConfigurationPlatforms) = postSolution
		{F87E8DD2-8E4C-423C-92D8-EEB5DFE44608}.Debug|Any CPU.ActiveCfg = Debug|Any CPU
		{F87E8DD2-8E4C-423C-92D8-EEB5DFE44608}.Debug|Any CPU.Build.0 = Debug|Any CPU
		{F87E8DD2-8E4C-423C-92D8-EEB5DFE44608}.Release|Any CPU.ActiveCfg = Release|Any CPU
		{F87E8DD2-8E4C-423C-92D8-EEB5DFE44608}.Release|Any CPU.Build.0 = Release|Any CPU
	EndGlobalSection
	GlobalSection(SolutionProperties) = preSolution
		HideSolutionNode = FALSE
	EndGlobalSection
	GlobalSection(ExtensibilityGlobals) = postSolution
		SolutionGuid = {B6CB9271-ECE4-44CE-A32B-214848437DB3}
	EndGlobalSection
EndGlobal
